
Microsoft Visual Studio Solution File, Format Version 12.00
# Visual Studio Version 17
VisualStudioVersion = 17.8.34525.116
MinimumVisualStudioVersion = 10.0.40219.1
Project("{FAE04EC0-301F-11D3-BF4B-00C04F79EFBC}") = "WebApplication1", "WebApplication1\WebApplication1.csproj", "{09E43F57-35D2-4AB8-961C-1FB7FCF3457F}"
EndProject
Global
	GlobalSection(SolutionConfigurationPlatforms) = preSolution
		Debug|Any CPU = Debug|Any CPU
		Release|Any CPU = Release|Any CPU
	EndGlobalSection
	GlobalSection(ProjectConfigurationPlatforms) = postSolution
		{09E43F57-35D2-4AB8-961C-1FB7FCF3457F}.Debug|Any CPU.ActiveCfg = Debug|Any CPU
		{09E43F57-35D2-4AB8-961C-1FB7FCF3457F}.Debug|Any CPU.Build.0 = Debug|Any CPU
		{09E43F57-35D2-4AB8-961C-1FB7FCF3457F}.Release|Any CPU.ActiveCfg = Release|Any CPU
		{09E43F57-35D2-4AB8-961C-1FB7FCF3457F}.Release|Any CPU.Build.0 = Release|Any CPU
	EndGlobalSection
	GlobalSection(SolutionProperties) = preSolution
		HideSolutionNode = FALSE
	EndGlobalSection
	GlobalSection(ExtensibilityGlobals) = postSolution
		SolutionGuid = {A8464F8D-301D-484A-A82F-A29E583B47B5}
	EndGlobalSection
EndGlobal
